
Microsoft Visual Studio Solution File, Format Version 12.00
# Visual Studio Version 16
VisualStudioVersion = 16.0.30804.86
MinimumVisualStudioVersion = 10.0.40219.1
Project("{FAE04EC0-301F-11D3-BF4B-00C04F79EFBC}") = "EntityFrameworkTest", "EntityFrameworkTest.csproj", "{5B7D6DB4-430C-49EA-A44D-092D8E11D07D}"
EndProject
Global
	GlobalSection(SolutionConfigurationPlatforms) = preSolution
		Debug|Any CPU = Debug|Any CPU
		Release|Any CPU = Release|Any CPU
	EndGlobalSection
	GlobalSection(ProjectConfigurationPlatforms) = postSolution
		{5B7D6DB4-430C-49EA-A44D-092D8E11D07D}.Debug|Any CPU.ActiveCfg = Debug|Any CPU
		{5B7D6DB4-430C-49EA-A44D-092D8E11D07D}.Debug|Any CPU.Build.0 = Debug|Any CPU
		{5B7D6DB4-430C-49EA-A44D-092D8E11D07D}.Release|Any CPU.ActiveCfg = Release|Any CPU
		{5B7D6DB4-430C-49EA-A44D-092D8E11D07D}.Release|Any CPU.Build.0 = Release|Any CPU
	EndGlobalSection
	GlobalSection(SolutionProperties) = preSolution
		HideSolutionNode = FALSE
	EndGlobalSection
	GlobalSection(ExtensibilityGlobals) = postSolution
		SolutionGuid = {54EF2938-6B18-4645-BE09-DBE6DBC32D9C}
	EndGlobalSection
EndGlobal
